
Microsoft Visual Studio Solution File, Format Version 12.00
# Visual Studio Version 17
VisualStudioVersion = 17.11.35303.130
MinimumVisualStudioVersion = 10.0.40219.1
Project("{FAE04EC0-301F-11D3-BF4B-00C04F79EFBC}") = "Testirovamie Lab01", "Testirovamie Lab01\Testirovamie Lab01.csproj", "{B903BB9A-A066-4524-8F31-68D02C61D8BC}"
EndProject
Global
	GlobalSection(SolutionConfigurationPlatforms) = preSolution
		Debug|Any CPU = Debug|Any CPU
		Release|Any CPU = Release|Any CPU
	EndGlobalSection
	GlobalSection(ProjectConfigurationPlatforms) = postSolution
		{B903BB9A-A066-4524-8F31-68D02C61D8BC}.Debug|Any CPU.ActiveCfg = Debug|Any CPU
		{B903BB9A-A066-4524-8F31-68D02C61D8BC}.Debug|Any CPU.Build.0 = Debug|Any CPU
		{B903BB9A-A066-4524-8F31-68D02C61D8BC}.Release|Any CPU.ActiveCfg = Release|Any CPU
		{B903BB9A-A066-4524-8F31-68D02C61D8BC}.Release|Any CPU.Build.0 = Release|Any CPU
	EndGlobalSection
	GlobalSection(SolutionProperties) = preSolution
		HideSolutionNode = FALSE
	EndGlobalSection
	GlobalSection(ExtensibilityGlobals) = postSolution
		SolutionGuid = {2662A49B-9546-4F9D-BFA0-8820FE441C27}
	EndGlobalSection
EndGlobal
